
Microsoft Visual Studio Solution File, Format Version 12.00
# Visual Studio Version 17
VisualStudioVersion = 17.4.33122.133
MinimumVisualStudioVersion = 10.0.40219.1
Project("{FAE04EC0-301F-11D3-BF4B-00C04F79EFBC}") = "AuthApp", "AuthApp\AuthApp.csproj", "{A342D321-F23B-4065-822B-C38EE7EB3ABB}"
EndProject
Global
	GlobalSection(SolutionConfigurationPlatforms) = preSolution
		Debug|Any CPU = Debug|Any CPU
		Release|Any CPU = Release|Any CPU
	EndGlobalSection
	GlobalSection(ProjectConfigurationPlatforms) = postSolution
		{A342D321-F23B-4065-822B-C38EE7EB3ABB}.Debug|Any CPU.ActiveCfg = Debug|Any CPU
		{A342D321-F23B-4065-822B-C38EE7EB3ABB}.Debug|Any CPU.Build.0 = Debug|Any CPU
		{A342D321-F23B-4065-822B-C38EE7EB3ABB}.Release|Any CPU.ActiveCfg = Release|Any CPU
		{A342D321-F23B-4065-822B-C38EE7EB3ABB}.Release|Any CPU.Build.0 = Release|Any CPU
	EndGlobalSection
	GlobalSection(SolutionProperties) = preSolution
		HideSolutionNode = FALSE
	EndGlobalSection
	GlobalSection(ExtensibilityGlobals) = postSolution
		SolutionGuid = {818D00EE-F943-467C-849F-A0D3B8A2AFA7}
	EndGlobalSection
EndGlobal
